
Microsoft Visual Studio Solution File, Format Version 12.00
# Visual Studio Version 17
VisualStudioVersion = 17.2.32602.215
MinimumVisualStudioVersion = 10.0.40219.1
Project("{FAE04EC0-301F-11D3-BF4B-00C04F79EFBC}") = "AgendaContatos", "AgendaContatos\AgendaContatos.csproj", "{EB414823-CA5E-4108-8C41-658EBE70BD7B}"
EndProject
Global
	GlobalSection(SolutionConfigurationPlatforms) = preSolution
		Debug|Any CPU = Debug|Any CPU
		Release|Any CPU = Release|Any CPU
	EndGlobalSection
	GlobalSection(ProjectConfigurationPlatforms) = postSolution
		{EB414823-CA5E-4108-8C41-658EBE70BD7B}.Debug|Any CPU.ActiveCfg = Debug|Any CPU
		{EB414823-CA5E-4108-8C41-658EBE70BD7B}.Debug|Any CPU.Build.0 = Debug|Any CPU
		{EB414823-CA5E-4108-8C41-658EBE70BD7B}.Release|Any CPU.ActiveCfg = Release|Any CPU
		{EB414823-CA5E-4108-8C41-658EBE70BD7B}.Release|Any CPU.Build.0 = Release|Any CPU
	EndGlobalSection
	GlobalSection(SolutionProperties) = preSolution
		HideSolutionNode = FALSE
	EndGlobalSection
	GlobalSection(ExtensibilityGlobals) = postSolution
		SolutionGuid = {3424F001-82D6-4A20-8AAE-0995ABCA1685}
	EndGlobalSection
EndGlobal
